// !$*UTF8*$!
{
	archiveVersion = 1;
	classes = {
	};
	objectVersion = 55;
	objects = {

/* Begin PBXBuildFile section */
		29F353C928182E260046CA95 /* PocketMonsterTests.swift in Sources */ = {isa = PBXBuildFile; fileRef = 29F353C828182E260046CA95 /* PocketMonsterTests.swift */; };
		29F353D02818361E0046CA95 /* FakeNetworkManager.swift in Sources */ = {isa = PBXBuildFile; fileRef = 29F353CF2818361E0046CA95 /* FakeNetworkManager.swift */; };
		29F353D2281945AE0046CA95 /* pocketmonster_response_success.json in Resources */ = {isa = PBXBuildFile; fileRef = 29F353D1281945AE0046CA95 /* pocketmonster_response_success.json */; };
		29F353D428197BE80046CA95 /* pocketmonster_details_success.json in Resources */ = {isa = PBXBuildFile; fileRef = 29F353D328197BE80046CA95 /* pocketmonster_details_success.json */; };
		29F353D628197BF80046CA95 /* default.json in Resources */ = {isa = PBXBuildFile; fileRef = 29F353D528197BF80046CA95 /* default.json */; };
		29F353FC281AEBEE0046CA95 /* .gitignore in Resources */ = {isa = PBXBuildFile; fileRef = 29F353FB281AEBEE0046CA95 /* .gitignore */; };
		29F353FE281AEC0D0046CA95 /* README.md in Resources */ = {isa = PBXBuildFile; fileRef = 29F353FD281AEC0D0046CA95 /* README.md */; };
		4759274A28117F500042F03F /* ImagesLoader.swift in Sources */ = {isa = PBXBuildFile; fileRef = 4759274928117F500042F03F /* ImagesLoader.swift */; };
		475927592811B0F70042F03F /* PokemonDetailsView.swift in Sources */ = {isa = PBXBuildFile; fileRef = 475927582811B0F70042F03F /* PokemonDetailsView.swift */; };
		4759275B2811B29C0042F03F /* PokemonAbility.swift in Sources */ = {isa = PBXBuildFile; fileRef = 4759275A2811B29C0042F03F /* PokemonAbility.swift */; };
		4778462F2810AE530055722F /* PocketMonsterApp.swift in Sources */ = {isa = PBXBuildFile; fileRef = 4778462E2810AE530055722F /* PocketMonsterApp.swift */; };
		477846312810AE530055722F /* PokemonListView.swift in Sources */ = {isa = PBXBuildFile; fileRef = 477846302810AE530055722F /* PokemonListView.swift */; };
		477846332810AE540055722F /* Assets.xcassets in Resources */ = {isa = PBXBuildFile; fileRef = 477846322810AE540055722F /* Assets.xcassets */; };
		477846362810AE540055722F /* Preview Assets.xcassets in Resources */ = {isa = PBXBuildFile; fileRef = 477846352810AE540055722F /* Preview Assets.xcassets */; };
		477846672810BD1F0055722F /* Pokemon.swift in Sources */ = {isa = PBXBuildFile; fileRef = 477846662810BD1F0055722F /* Pokemon.swift */; };
		4778466B2810BE430055722F /* PokemonListViewModel.swift in Sources */ = {isa = PBXBuildFile; fileRef = 4778466A2810BE430055722F /* PokemonListViewModel.swift */; };
		477846712810C49D0055722F /* PokemonDetails.swift in Sources */ = {isa = PBXBuildFile; fileRef = 477846702810C49D0055722F /* PokemonDetails.swift */; };
		477846732810C7380055722F /* PokemonResponse.swift in Sources */ = {isa = PBXBuildFile; fileRef = 477846722810C7380055722F /* PokemonResponse.swift */; };
		477846772810CC310055722F /* PokemonData.swift in Sources */ = {isa = PBXBuildFile; fileRef = 477846762810CC310055722F /* PokemonData.swift */; };
		477846792810D22B0055722F /* NetworkManager.swift in Sources */ = {isa = PBXBuildFile; fileRef = 477846782810D22B0055722F /* NetworkManager.swift */; };
		4778467B2810D4B70055722F /* NetworkURL.swift in Sources */ = {isa = PBXBuildFile; fileRef = 4778467A2810D4B70055722F /* NetworkURL.swift */; };
		4778467D2810D9EF0055722F /* PokemonCell.swift in Sources */ = {isa = PBXBuildFile; fileRef = 4778467C2810D9EF0055722F /* PokemonCell.swift */; };
/* End PBXBuildFile section */

/* Begin PBXContainerItemProxy section */
		29F353CA28182E260046CA95 /* PBXContainerItemProxy */ = {
			isa = PBXContainerItemProxy;
			containerPortal = 477846232810AE530055722F /* Project object */;
			proxyType = 1;
			remoteGlobalIDString = 4778462A2810AE530055722F;
			remoteInfo = PocketMonster;
		};
/* End PBXContainerItemProxy section */

/* Begin PBXFileReference section */
		29F353C628182E260046CA95 /* PocketMonsterTests.xctest */ = {isa = PBXFileReference; explicitFileType = wrapper.cfbundle; includeInIndex = 0; path = PocketMonsterTests.xctest; sourceTree = BUILT_PRODUCTS_DIR; };
		29F353C828182E260046CA95 /* PocketMonsterTests.swift */ = {isa = PBXFileReference; lastKnownFileType = sourcecode.swift; path = PocketMonsterTests.swift; sourceTree = "<group>"; };
		29F353CF2818361E0046CA95 /* FakeNetworkManager.swift */ = {isa = PBXFileReference; lastKnownFileType = sourcecode.swift; path = FakeNetworkManager.swift; sourceTree = "<group>"; };
		29F353D1281945AE0046CA95 /* pocketmonster_response_success.json */ = {isa = PBXFileReference; lastKnownFileType = text.json; path = pocketmonster_response_success.json; sourceTree = "<group>"; };
		29F353D328197BE80046CA95 /* pocketmonster_details_success.json */ = {isa = PBXFileReference; lastKnownFileType = text.json; path = pocketmonster_details_success.json; sourceTree = "<group>"; };
		29F353D528197BF80046CA95 /* default.json */ = {isa = PBXFileReference; lastKnownFileType = text.json; path = default.json; sourceTree = "<group>"; };
		29F353FB281AEBEE0046CA95 /* .gitignore */ = {isa = PBXFileReference; lastKnownFileType = text; path = .gitignore; sourceTree = "<group>"; };
		29F353FD281AEC0D0046CA95 /* README.md */ = {isa = PBXFileReference; lastKnownFileType = net.daringfireball.markdown; path = README.md; sourceTree = "<group>"; };
		4759274928117F500042F03F /* ImagesLoader.swift */ = {isa = PBXFileReference; lastKnownFileType = sourcecode.swift; path = ImagesLoader.swift; sourceTree = "<group>"; };
		475927582811B0F70042F03F /* PokemonDetailsView.swift */ = {isa = PBXFileReference; lastKnownFileType = sourcecode.swift; path = PokemonDetailsView.swift; sourceTree = "<group>"; };
		4759275A2811B29C0042F03F /* PokemonAbility.swift */ = {isa = PBXFileReference; lastKnownFileType = sourcecode.swift; path = PokemonAbility.swift; sourceTree = "<group>"; };
		4778462B2810AE530055722F /* PocketMonster.app */ = {isa = PBXFileReference; explicitFileType = wrapper.application; includeInIndex = 0; path = PocketMonster.app; sourceTree = BUILT_PRODUCTS_DIR; };
		4778462E2810AE530055722F /* PocketMonsterApp.swift */ = {isa = PBXFileReference; lastKnownFileType = sourcecode.swift; path = PocketMonsterApp.swift; sourceTree = "<group>"; };
		477846302810AE530055722F /* PokemonListView.swift */ = {isa = PBXFileReference; lastKnownFileType = sourcecode.swift; path = PokemonListView.swift; sourceTree = "<group>"; };
		477846322810AE540055722F /* Assets.xcassets */ = {isa = PBXFileReference; lastKnownFileType = folder.assetcatalog; path = Assets.xcassets; sourceTree = "<group>"; };
		477846352810AE540055722F /* Preview Assets.xcassets */ = {isa = PBXFileReference; lastKnownFileType = folder.assetcatalog; path = "Preview Assets.xcassets"; sourceTree = "<group>"; };
		477846662810BD1F0055722F /* Pokemon.swift */ = {isa = PBXFileReference; lastKnownFileType = sourcecode.swift; path = Pokemon.swift; sourceTree = "<group>"; };
		4778466A2810BE430055722F /* PokemonListViewModel.swift */ = {isa = PBXFileReference; lastKnownFileType = sourcecode.swift; path = PokemonListViewModel.swift; sourceTree = "<group>"; };
		477846702810C49D0055722F /* PokemonDetails.swift */ = {isa = PBXFileReference; lastKnownFileType = sourcecode.swift; path = PokemonDetails.swift; sourceTree = "<group>"; };
		477846722810C7380055722F /* PokemonResponse.swift */ = {isa = PBXFileReference; lastKnownFileType = sourcecode.swift; path = PokemonResponse.swift; sourceTree = "<group>"; };
		477846762810CC310055722F /* PokemonData.swift */ = {isa = PBXFileReference; lastKnownFileType = sourcecode.swift; path = PokemonData.swift; sourceTree = "<group>"; };
		477846782810D22B0055722F /* NetworkManager.swift */ = {isa = PBXFileReference; lastKnownFileType = sourcecode.swift; path = NetworkManager.swift; sourceTree = "<group>"; };
		4778467A2810D4B70055722F /* NetworkURL.swift */ = {isa = PBXFileReference; lastKnownFileType = sourcecode.swift; path = NetworkURL.swift; sourceTree = "<group>"; };
		4778467C2810D9EF0055722F /* PokemonCell.swift */ = {isa = PBXFileReference; lastKnownFileType = sourcecode.swift; path = PokemonCell.swift; sourceTree = "<group>"; };
/* End PBXFileReference section */

/* Begin PBXFrameworksBuildPhase section */
		29F353C328182E260046CA95 /* Frameworks */ = {
			isa = PBXFrameworksBuildPhase;
			buildActionMask = 2147483647;
			files = (
			);
			runOnlyForDeploymentPostprocessing = 0;
		};
		477846282810AE530055722F /* Frameworks */ = {
			isa = PBXFrameworksBuildPhase;
			buildActionMask = 2147483647;
			files = (
			);
			runOnlyForDeploymentPostprocessing = 0;
		};
/* End PBXFrameworksBuildPhase section */

/* Begin PBXGroup section */
		29F353C728182E260046CA95 /* PocketMonsterTests */ = {
			isa = PBXGroup;
			children = (
				29F353CF2818361E0046CA95 /* FakeNetworkManager.swift */,
				29F353C828182E260046CA95 /* PocketMonsterTests.swift */,
				29F353D1281945AE0046CA95 /* pocketmonster_response_success.json */,
				29F353D328197BE80046CA95 /* pocketmonster_details_success.json */,
				29F353D528197BF80046CA95 /* default.json */,
			);
			path = PocketMonsterTests;
			sourceTree = "<group>";
		};
		477846222810AE530055722F = {
			isa = PBXGroup;
			children = (
				29F353FD281AEC0D0046CA95 /* README.md */,
				29F353FB281AEBEE0046CA95 /* .gitignore */,
				4778462D2810AE530055722F /* PocketMonster */,
				29F353C728182E260046CA95 /* PocketMonsterTests */,
				4778462C2810AE530055722F /* Products */,
			);
			sourceTree = "<group>";
		};
		4778462C2810AE530055722F /* Products */ = {
			isa = PBXGroup;
			children = (
				4778462B2810AE530055722F /* PocketMonster.app */,
				29F353C628182E260046CA95 /* PocketMonsterTests.xctest */,
			);
			name = Products;
			sourceTree = "<group>";
		};
		4778462D2810AE530055722F /* PocketMonster */ = {
			isa = PBXGroup;
			children = (
				4778462E2810AE530055722F /* PocketMonsterApp.swift */,
				4778465F2810B05D0055722F /* Networking */,
				4778465E2810B0590055722F /* Model */,
				4778465C2810B04F0055722F /* ViewModel */,
				4778465D2810B0550055722F /* View */,
				477846322810AE540055722F /* Assets.xcassets */,
				477846342810AE540055722F /* Preview Content */,
			);
			path = PocketMonster;
			sourceTree = "<group>";
		};
		477846342810AE540055722F /* Preview Content */ = {
			isa = PBXGroup;
			children = (
				477846352810AE540055722F /* Preview Assets.xcassets */,
			);
			path = "Preview Content";
			sourceTree = "<group>";
		};
		4778465C2810B04F0055722F /* ViewModel */ = {
			isa = PBXGroup;
			children = (
				4778466A2810BE430055722F /* PokemonListViewModel.swift */,
			);
			path = ViewModel;
			sourceTree = "<group>";
		};
		4778465D2810B0550055722F /* View */ = {
			isa = PBXGroup;
			children = (
				477846302810AE530055722F /* PokemonListView.swift */,
				4778467C2810D9EF0055722F /* PokemonCell.swift */,
				475927582811B0F70042F03F /* PokemonDetailsView.swift */,
			);
			path = View;
			sourceTree = "<group>";
		};
		4778465E2810B0590055722F /* Model */ = {
			isa = PBXGroup;
			children = (
				477846662810BD1F0055722F /* Pokemon.swift */,
				477846722810C7380055722F /* PokemonResponse.swift */,
				477846702810C49D0055722F /* PokemonDetails.swift */,
				477846762810CC310055722F /* PokemonData.swift */,
				4759275A2811B29C0042F03F /* PokemonAbility.swift */,
			);
			path = Model;
			sourceTree = "<group>";
		};
		4778465F2810B05D0055722F /* Networking */ = {
			isa = PBXGroup;
			children = (
				477846782810D22B0055722F /* NetworkManager.swift */,
				4778467A2810D4B70055722F /* NetworkURL.swift */,
				4759274928117F500042F03F /* ImagesLoader.swift */,
			);
			path = Networking;
			sourceTree = "<group>";
		};
/* End PBXGroup section */

/* Begin PBXNativeTarget section */
		29F353C528182E260046CA95 /* PocketMonsterTests */ = {
			isa = PBXNativeTarget;
			buildConfigurationList = 29F353CE28182E260046CA95 /* Build configuration list for PBXNativeTarget "PocketMonsterTests" */;
			buildPhases = (
				29F353C228182E260046CA95 /* Sources */,
				29F353C328182E260046CA95 /* Frameworks */,
				29F353C428182E260046CA95 /* Resources */,
			);
			buildRules = (
			);
			dependencies = (
				29F353CB28182E260046CA95 /* PBXTargetDependency */,
			);
			name = PocketMonsterTests;
			productName = PocketMonsterTests;
			productReference = 29F353C628182E260046CA95 /* PocketMonsterTests.xctest */;
			productType = "com.apple.product-type.bundle.unit-test";
		};
		4778462A2810AE530055722F /* PocketMonster */ = {
			isa = PBXNativeTarget;
			buildConfigurationList = 477846392810AE540055722F /* Build configuration list for PBXNativeTarget "PocketMonster" */;
			buildPhases = (
				477846272810AE530055722F /* Sources */,
				477846282810AE530055722F /* Frameworks */,
				477846292810AE530055722F /* Resources */,
			);
			buildRules = (
			);
			dependencies = (
			);
			name = PocketMonster;
			productName = PocketMonster;
			productReference = 4778462B2810AE530055722F /* PocketMonster.app */;
			productType = "com.apple.product-type.application";
		};
/* End PBXNativeTarget section */

/* Begin PBXProject section */
		477846232810AE530055722F /* Project object */ = {
			isa = PBXProject;
			attributes = {
				BuildIndependentTargetsInParallel = 1;
				LastSwiftUpdateCheck = 1330;
				LastUpgradeCheck = 1330;
				TargetAttributes = {
					29F353C528182E260046CA95 = {
						CreatedOnToolsVersion = 13.3.1;
						TestTargetID = 4778462A2810AE530055722F;
					};
					4778462A2810AE530055722F = {
						CreatedOnToolsVersion = 13.3.1;
					};
				};
			};
			buildConfigurationList = 477846262810AE530055722F /* Build configuration list for PBXProject "PocketMonster" */;
			compatibilityVersion = "Xcode 13.0";
			developmentRegion = en;
			hasScannedForEncodings = 0;
			knownRegions = (
				en,
				Base,
			);
			mainGroup = 477846222810AE530055722F;
			productRefGroup = 4778462C2810AE530055722F /* Products */;
			projectDirPath = "";
			projectRoot = "";
			targets = (
				4778462A2810AE530055722F /* PocketMonster */,
				29F353C528182E260046CA95 /* PocketMonsterTests */,
			);
		};
/* End PBXProject section */

/* Begin PBXResourcesBuildPhase section */
		29F353C428182E260046CA95 /* Resources */ = {
			isa = PBXResourcesBuildPhase;
			buildActionMask = 2147483647;
			files = (
				29F353D628197BF80046CA95 /* default.json in Resources */,
				29F353D2281945AE0046CA95 /* pocketmonster_response_success.json in Resources */,
				29F353D428197BE80046CA95 /* pocketmonster_details_success.json in Resources */,
			);
			runOnlyForDeploymentPostprocessing = 0;
		};
		477846292810AE530055722F /* Resources */ = {
			isa = PBXResourcesBuildPhase;
			buildActionMask = 2147483647;
			files = (
				477846362810AE540055722F /* Preview Assets.xcassets in Resources */,
				29F353FC281AEBEE0046CA95 /* .gitignore in Resources */,
				29F353FE281AEC0D0046CA95 /* README.md in Resources */,
				477846332810AE540055722F /* Assets.xcassets in Resources */,
			);
			runOnlyForDeploymentPostprocessing = 0;
		};
/* End PBXResourcesBuildPhase section */

/* Begin PBXSourcesBuildPhase section */
		29F353C228182E260046CA95 /* Sources */ = {
			isa = PBXSourcesBuildPhase;
			buildActionMask = 2147483647;
			files = (
				29F353C928182E260046CA95 /* PocketMonsterTests.swift in Sources */,
				29F353D02818361E0046CA95 /* FakeNetworkManager.swift in Sources */,
			);
			runOnlyForDeploymentPostprocessing = 0;
		};
		477846272810AE530055722F /* Sources */ = {
			isa = PBXSourcesBuildPhase;
			buildActionMask = 2147483647;
			files = (
				4778467B2810D4B70055722F /* NetworkURL.swift in Sources */,
				475927592811B0F70042F03F /* PokemonDetailsView.swift in Sources */,
				477846792810D22B0055722F /* NetworkManager.swift in Sources */,
				477846772810CC310055722F /* PokemonData.swift in Sources */,
				477846672810BD1F0055722F /* Pokemon.swift in Sources */,
				4759274A28117F500042F03F /* ImagesLoader.swift in Sources */,
				477846312810AE530055722F /* PokemonListView.swift in Sources */,
				4759275B2811B29C0042F03F /* PokemonAbility.swift in Sources */,
				4778467D2810D9EF0055722F /* PokemonCell.swift in Sources */,
				477846732810C7380055722F /* PokemonResponse.swift in Sources */,
				4778466B2810BE430055722F /* PokemonListViewModel.swift in Sources */,
				4778462F2810AE530055722F /* PocketMonsterApp.swift in Sources */,
				477846712810C49D0055722F /* PokemonDetails.swift in Sources */,
			);
			runOnlyForDeploymentPostprocessing = 0;
		};
/* End PBXSourcesBuildPhase section */

/* Begin PBXTargetDependency section */
		29F353CB28182E260046CA95 /* PBXTargetDependency */ = {
			isa = PBXTargetDependency;
			target = 4778462A2810AE530055722F /* PocketMonster */;
			targetProxy = 29F353CA28182E260046CA95 /* PBXContainerItemProxy */;
		};
/* End PBXTargetDependency section */

/* Begin XCBuildConfiguration section */
		29F353CC28182E260046CA95 /* Debug */ = {
			isa = XCBuildConfiguration;
			buildSettings = {
				BUNDLE_LOADER = "$(TEST_HOST)";
				CODE_SIGN_STYLE = Automatic;
				CURRENT_PROJECT_VERSION = 1;
				GENERATE_INFOPLIST_FILE = YES;
				MARKETING_VERSION = 1.0;
				PRODUCT_BUNDLE_IDENTIFIER = com.example.PocketMonsterTests;
				PRODUCT_NAME = "$(TARGET_NAME)";
				SWIFT_EMIT_LOC_STRINGS = NO;
				SWIFT_VERSION = 5.0;
				TARGETED_DEVICE_FAMILY = "1,2";
				TEST_HOST = "$(BUILT_PRODUCTS_DIR)/PocketMonster.app/PocketMonster";
			};
			name = Debug;
		};
		29F353CD28182E260046CA95 /* Release */ = {
			isa = XCBuildConfiguration;
			buildSettings = {
				BUNDLE_LOADER = "$(TEST_HOST)";
				CODE_SIGN_STYLE = Automatic;
				CURRENT_PROJECT_VERSION = 1;
				GENERATE_INFOPLIST_FILE = YES;
				MARKETING_VERSION = 1.0;
				PRODUCT_BUNDLE_IDENTIFIER = com.example.PocketMonsterTests;
				PRODUCT_NAME = "$(TARGET_NAME)";
				SWIFT_EMIT_LOC_STRINGS = NO;
				SWIFT_VERSION = 5.0;
				TARGETED_DEVICE_FAMILY = "1,2";
				TEST_HOST = "$(BUILT_PRODUCTS_DIR)/PocketMonster.app/PocketMonster";
			};
			name = Release;
		};
		477846372810AE540055722F /* Debug */ = {
			isa = XCBuildConfiguration;
			buildSettings = {
				ALWAYS_SEARCH_USER_PATHS = NO;
				CLANG_ANALYZER_NONNULL = YES;
				CLANG_ANALYZER_NUMBER_OBJECT_CONVERSION = YES_AGGRESSIVE;
				CLANG_CXX_LANGUAGE_STANDARD = "gnu++17";
				CLANG_ENABLE_MODULES = YES;
				CLANG_ENABLE_OBJC_ARC = YES;
				CLANG_ENABLE_OBJC_WEAK = YES;
				CLANG_WARN_BLOCK_CAPTURE_AUTORELEASING = YES;
				CLANG_WARN_BOOL_CONVERSION = YES;
				CLANG_WARN_COMMA = YES;
				CLANG_WARN_CONSTANT_CONVERSION = YES;
				CLANG_WARN_DEPRECATED_OBJC_IMPLEMENTATIONS = YES;
				CLANG_WARN_DIRECT_OBJC_ISA_USAGE = YES_ERROR;
				CLANG_WARN_DOCUMENTATION_COMMENTS = YES;
				CLANG_WARN_EMPTY_BODY = YES;
				CLANG_WARN_ENUM_CONVERSION = YES;
				CLANG_WARN_INFINITE_RECURSION = YES;
				CLANG_WARN_INT_CONVERSION = YES;
				CLANG_WARN_NON_LITERAL_NULL_CONVERSION = YES;
				CLANG_WARN_OBJC_IMPLICIT_RETAIN_SELF = YES;
				CLANG_WARN_OBJC_LITERAL_CONVERSION = YES;
				CLANG_WARN_OBJC_ROOT_CLASS = YES_ERROR;
				CLANG_WARN_QUOTED_INCLUDE_IN_FRAMEWORK_HEADER = YES;
				CLANG_WARN_RANGE_LOOP_ANALYSIS = YES;
				CLANG_WARN_STRICT_PROTOTYPES = YES;
				CLANG_WARN_SUSPICIOUS_MOVE = YES;
				CLANG_WARN_UNGUARDED_AVAILABILITY = YES_AGGRESSIVE;
				CLANG_WARN_UNREACHABLE_CODE = YES;
				CLANG_WARN__DUPLICATE_METHOD_MATCH = YES;
				COPY_PHASE_STRIP = NO;
				DEBUG_INFORMATION_FORMAT = dwarf;
				ENABLE_STRICT_OBJC_MSGSEND = YES;
				ENABLE_TESTABILITY = YES;
				GCC_C_LANGUAGE_STANDARD = gnu11;
				GCC_DYNAMIC_NO_PIC = NO;
				GCC_NO_COMMON_BLOCKS = YES;
				GCC_OPTIMIZATION_LEVEL = 0;
				GCC_PREPROCESSOR_DEFINITIONS = (
					"DEBUG=1",
					"$(inherited)",
				);
				GCC_WARN_64_TO_32_BIT_CONVERSION = YES;
				GCC_WARN_ABOUT_RETURN_TYPE = YES_ERROR;
				GCC_WARN_UNDECLARED_SELECTOR = YES;
				GCC_WARN_UNINITIALIZED_AUTOS = YES_AGGRESSIVE;
				GCC_WARN_UNUSED_FUNCTION = YES;
				GCC_WARN_UNUSED_VARIABLE = YES;
				IPHONEOS_DEPLOYMENT_TARGET = 15.4;
				MTL_ENABLE_DEBUG_INFO = INCLUDE_SOURCE;
				MTL_FAST_MATH = YES;
				ONLY_ACTIVE_ARCH = YES;
				SDKROOT = iphoneos;
				SWIFT_ACTIVE_COMPILATION_CONDITIONS = DEBUG;
				SWIFT_OPTIMIZATION_LEVEL = "-Onone";
			};
			name = Debug;
		};
		477846382810AE540055722F /* Release */ = {
			isa = XCBuildConfiguration;
			buildSettings = {
				ALWAYS_SEARCH_USER_PATHS = NO;
				CLANG_ANALYZER_NONNULL = YES;
				CLANG_ANALYZER_NUMBER_OBJECT_CONVERSION = YES_AGGRESSIVE;
				CLANG_CXX_LANGUAGE_STANDARD = "gnu++17";
				CLANG_ENABLE_MODULES = YES;
				CLANG_ENABLE_OBJC_ARC = YES;
				CLANG_ENABLE_OBJC_WEAK = YES;
				CLANG_WARN_BLOCK_CAPTURE_AUTORELEASING = YES;
				CLANG_WARN_BOOL_CONVERSION = YES;
				CLANG_WARN_COMMA = YES;
				CLANG_WARN_CONSTANT_CONVERSION = YES;
				CLANG_WARN_DEPRECATED_OBJC_IMPLEMENTATIONS = YES;
				CLANG_WARN_DIRECT_OBJC_ISA_USAGE = YES_ERROR;
				CLANG_WARN_DOCUMENTATION_COMMENTS = YES;
				CLANG_WARN_EMPTY_BODY = YES;
				CLANG_WARN_ENUM_CONVERSION = YES;
				CLANG_WARN_INFINITE_RECURSION = YES;
				CLANG_WARN_INT_CONVERSION = YES;
				CLANG_WARN_NON_LITERAL_NULL_CONVERSION = YES;
				CLANG_WARN_OBJC_IMPLICIT_RETAIN_SELF = YES;
				CLANG_WARN_OBJC_LITERAL_CONVERSION = YES;
				CLANG_WARN_OBJC_ROOT_CLASS = YES_ERROR;
				CLANG_WARN_QUOTED_INCLUDE_IN_FRAMEWORK_HEADER = YES;
				CLANG_WARN_RANGE_LOOP_ANALYSIS = YES;
				CLANG_WARN_STRICT_PROTOTYPES = YES;
				CLANG_WARN_SUSPICIOUS_MOVE = YES;
				CLANG_WARN_UNGUARDED_AVAILABILITY = YES_AGGRESSIVE;
				CLANG_WARN_UNREACHABLE_CODE = YES;
				CLANG_WARN__DUPLICATE_METHOD_MATCH = YES;
				COPY_PHASE_STRIP = NO;
				DEBUG_INFORMATION_FORMAT = "dwarf-with-dsym";
				ENABLE_NS_ASSERTIONS = NO;
				ENABLE_STRICT_OBJC_MSGSEND = YES;
				GCC_C_LANGUAGE_STANDARD = gnu11;
				GCC_NO_COMMON_BLOCKS = YES;
				GCC_WARN_64_TO_32_BIT_CONVERSION = YES;
				GCC_WARN_ABOUT_RETURN_TYPE = YES_ERROR;
				GCC_WARN_UNDECLARED_SELECTOR = YES;
				GCC_WARN_UNINITIALIZED_AUTOS = YES_AGGRESSIVE;
				GCC_WARN_UNUSED_FUNCTION = YES;
				GCC_WARN_UNUSED_VARIABLE = YES;
				IPHONEOS_DEPLOYMENT_TARGET = 15.4;
				MTL_ENABLE_DEBUG_INFO = NO;
				MTL_FAST_MATH = YES;
				SDKROOT = iphoneos;
				SWIFT_COMPILATION_MODE = wholemodule;
				SWIFT_OPTIMIZATION_LEVEL = "-O";
				VALIDATE_PRODUCT = YES;
			};
			name = Release;
		};
		4778463A2810AE540055722F /* Debug */ = {
			isa = XCBuildConfiguration;
			buildSettings = {
				ASSETCATALOG_COMPILER_APPICON_NAME = AppIcon;
				ASSETCATALOG_COMPILER_GLOBAL_ACCENT_COLOR_NAME = AccentColor;
				CODE_SIGN_STYLE = Automatic;
				CURRENT_PROJECT_VERSION = 1;
				DEVELOPMENT_ASSET_PATHS = "\"PocketMonster/Preview Content\"";
				ENABLE_PREVIEWS = YES;
				GENERATE_INFOPLIST_FILE = YES;
				INFOPLIST_KEY_UIApplicationSceneManifest_Generation = YES;
				INFOPLIST_KEY_UIApplicationSupportsIndirectInputEvents = YES;
				INFOPLIST_KEY_UILaunchScreen_Generation = YES;
				INFOPLIST_KEY_UISupportedInterfaceOrientations_iPad = "UIInterfaceOrientationPortrait UIInterfaceOrientationPortraitUpsideDown UIInterfaceOrientationLandscapeLeft UIInterfaceOrientationLandscapeRight";
				INFOPLIST_KEY_UISupportedInterfaceOrientations_iPhone = "UIInterfaceOrientationPortrait UIInterfaceOrientationLandscapeLeft UIInterfaceOrientationLandscapeRight";
				LD_RUNPATH_SEARCH_PATHS = (
					"$(inherited)",
					"@executable_path/Frameworks",
				);
				MARKETING_VERSION = 1.0;
				PRODUCT_BUNDLE_IDENTIFIER = pro.christianquicano.PocketMonster;
				PRODUCT_NAME = "$(TARGET_NAME)";
				SWIFT_EMIT_LOC_STRINGS = YES;
				SWIFT_VERSION = 5.0;
				TARGETED_DEVICE_FAMILY = "1,2";
			};
			name = Debug;
		};
		4778463B2810AE540055722F /* Release */ = {
			isa = XCBuildConfiguration;
			buildSettings = {
				ASSETCATALOG_COMPILER_APPICON_NAME = AppIcon;
				ASSETCATALOG_COMPILER_GLOBAL_ACCENT_COLOR_NAME = AccentColor;
				CODE_SIGN_STYLE = Automatic;
				CURRENT_PROJECT_VERSION = 1;
				DEVELOPMENT_ASSET_PATHS = "\"PocketMonster/Preview Content\"";
				ENABLE_PREVIEWS = YES;
				GENERATE_INFOPLIST_FILE = YES;
				INFOPLIST_KEY_UIApplicationSceneManifest_Generation = YES;
				INFOPLIST_KEY_UIApplicationSupportsIndirectInputEvents = YES;
				INFOPLIST_KEY_UILaunchScreen_Generation = YES;
				INFOPLIST_KEY_UISupportedInterfaceOrientations_iPad = "UIInterfaceOrientationPortrait UIInterfaceOrientationPortraitUpsideDown UIInterfaceOrientationLandscapeLeft UIInterfaceOrientationLandscapeRight";
				INFOPLIST_KEY_UISupportedInterfaceOrientations_iPhone = "UIInterfaceOrientationPortrait UIInterfaceOrientationLandscapeLeft UIInterfaceOrientationLandscapeRight";
				LD_RUNPATH_SEARCH_PATHS = (
					"$(inherited)",
					"@executable_path/Frameworks",
				);
				MARKETING_VERSION = 1.0;
				PRODUCT_BUNDLE_IDENTIFIER = pro.christianquicano.PocketMonster;
				PRODUCT_NAME = "$(TARGET_NAME)";
				SWIFT_EMIT_LOC_STRINGS = YES;
				SWIFT_VERSION = 5.0;
				TARGETED_DEVICE_FAMILY = "1,2";
			};
			name = Release;
		};
/* End XCBuildConfiguration section */

/* Begin XCConfigurationList section */
		29F353CE28182E260046CA95 /* Build configuration list for PBXNativeTarget "PocketMonsterTests" */ = {
			isa = XCConfigurationList;
			buildConfigurations = (
				29F353CC28182E260046CA95 /* Debug */,
				29F353CD28182E260046CA95 /* Release */,
			);
			defaultConfigurationIsVisible = 0;
			defaultConfigurationName = Release;
		};
		477846262810AE530055722F /* Build configuration list for PBXProject "PocketMonster" */ = {
			isa = XCConfigurationList;
			buildConfigurations = (
				477846372810AE540055722F /* Debug */,
				477846382810AE540055722F /* Release */,
			);
			defaultConfigurationIsVisible = 0;
			defaultConfigurationName = Release;
		};
		477846392810AE540055722F /* Build configuration list for PBXNativeTarget "PocketMonster" */ = {
			isa = XCConfigurationList;
			buildConfigurations = (
				4778463A2810AE540055722F /* Debug */,
				4778463B2810AE540055722F /* Release */,
			);
			defaultConfigurationIsVisible = 0;
			defaultConfigurationName = Release;
		};
/* End XCConfigurationList section */
	};
	rootObject = 477846232810AE530055722F /* Project object */;
}
